
Microsoft Visual Studio Solution File, Format Version 12.00
# Visual Studio Version 17
VisualStudioVersion = 17.14.36930.0 d17.14
MinimumVisualStudioVersion = 10.0.40219.1
Project("{FAE04EC0-301F-11D3-BF4B-00C04F79EFBC}") = "HMS", "HMS.csproj", "{6658B5E5-8444-40FD-9146-58C6A1545A08}"
EndProject
Global
	GlobalSection(SolutionConfigurationPlatforms) = preSolution
		Debug|Any CPU = Debug|Any CPU
		Release|Any CPU = Release|Any CPU
	EndGlobalSection
	GlobalSection(ProjectConfigurationPlatforms) = postSolution
		{6658B5E5-8444-40FD-9146-58C6A1545A08}.Debug|Any CPU.ActiveCfg = Debug|Any CPU
		{6658B5E5-8444-40FD-9146-58C6A1545A08}.Debug|Any CPU.Build.0 = Debug|Any CPU
		{6658B5E5-8444-40FD-9146-58C6A1545A08}.Release|Any CPU.ActiveCfg = Release|Any CPU
		{6658B5E5-8444-40FD-9146-58C6A1545A08}.Release|Any CPU.Build.0 = Release|Any CPU
	EndGlobalSection
	GlobalSection(SolutionProperties) = preSolution
		HideSolutionNode = FALSE
	EndGlobalSection
	GlobalSection(ExtensibilityGlobals) = postSolution
		SolutionGuid = {2B26017B-4590-490B-9432-B2689E892EE1}
	EndGlobalSection
EndGlobal
